
Microsoft Visual Studio Solution File, Format Version 10.00
# Visual Studio 2008
Project("{2150E333-8FDC-42A3-9474-1A3956D46DE8}") = "classads", "classads", "{0E7FF0A9-EBDA-4687-9143-21A54F3E955E}"
EndProject
Project("{8BC9CEB8-8B4A-11D0-8D11-00A0C91BC942}") = "classad_tests.new", "classad_tests.new.vcproj", "{27A77AAA-9926-4190-AEEC-C5881BE13A69}"
EndProject
Project("{8BC9CEB8-8B4A-11D0-8D11-00A0C91BC942}") = "classad_tests", "classad_tests.vcproj", "{FD8F1FA4-4BD7-4EA7-AF61-AC2526CCCED8}"
EndProject
Global
	GlobalSection(SolutionConfigurationPlatforms) = preSolution
		Debug|Win32 = Debug|Win32
		Release|Win32 = Release|Win32
	EndGlobalSection
	GlobalSection(ProjectConfigurationPlatforms) = postSolution
		{27A77AAA-9926-4190-AEEC-C5881BE13A69}.Debug|Win32.ActiveCfg = Debug|Win32
		{27A77AAA-9926-4190-AEEC-C5881BE13A69}.Debug|Win32.Build.0 = Debug|Win32
		{27A77AAA-9926-4190-AEEC-C5881BE13A69}.Release|Win32.ActiveCfg = Release|Win32
		{27A77AAA-9926-4190-AEEC-C5881BE13A69}.Release|Win32.Build.0 = Release|Win32
		{FD8F1FA4-4BD7-4EA7-AF61-AC2526CCCED8}.Debug|Win32.ActiveCfg = Debug|Win32
		{FD8F1FA4-4BD7-4EA7-AF61-AC2526CCCED8}.Debug|Win32.Build.0 = Debug|Win32
		{FD8F1FA4-4BD7-4EA7-AF61-AC2526CCCED8}.Release|Win32.ActiveCfg = Release|Win32
		{FD8F1FA4-4BD7-4EA7-AF61-AC2526CCCED8}.Release|Win32.Build.0 = Release|Win32
	EndGlobalSection
	GlobalSection(SolutionProperties) = preSolution
		HideSolutionNode = FALSE
	EndGlobalSection
	GlobalSection(NestedProjects) = preSolution
		{27A77AAA-9926-4190-AEEC-C5881BE13A69} = {0E7FF0A9-EBDA-4687-9143-21A54F3E955E}
	EndGlobalSection
EndGlobal
