
Microsoft Visual Studio Solution File, Format Version 9.00
# Visual Studio 2005
Project("{8BC9CEB8-8B4A-11D0-8D11-00A0C91BC942}") = "condor", "condor.vcproj", "{1E2E1150-751D-49B1-BCFF-6493BDC909C4}"
	ProjectSection(ProjectDependencies) = postProject
		{B874155F-897C-4733-96C0-84656E78EBCF} = {B874155F-897C-4733-96C0-84656E78EBCF}
		{775C501B-6425-4F90-8191-A25FC111CFE7} = {775C501B-6425-4F90-8191-A25FC111CFE7}
		{CFA3B39A-7846-4656-B84F-672C8CE47261} = {CFA3B39A-7846-4656-B84F-672C8CE47261}
		{4BC8A938-9816-4E61-B063-A73C9D7082DC} = {4BC8A938-9816-4E61-B063-A73C9D7082DC}
		{91227CBB-1EFF-4D3D-80D8-B4723DF9235E} = {91227CBB-1EFF-4D3D-80D8-B4723DF9235E}
		{BEA58B69-14CD-4E2A-B497-E5275690F47D} = {BEA58B69-14CD-4E2A-B497-E5275690F47D}
		{50443862-C166-4652-910C-0BB80E851CCC} = {50443862-C166-4652-910C-0BB80E851CCC}
		{2FEAF3B4-B91B-4BC4-BA86-ED8AD04CDB73} = {2FEAF3B4-B91B-4BC4-BA86-ED8AD04CDB73}
		{44866A72-C877-4588-A4E4-D9B267255E75} = {44866A72-C877-4588-A4E4-D9B267255E75}
		{B4B447B3-48AF-428E-A16F-DEC14BD75A0D} = {B4B447B3-48AF-428E-A16F-DEC14BD75A0D}
		{76004B82-88F6-4C5A-B329-E31B3605B49E} = {76004B82-88F6-4C5A-B329-E31B3605B49E}
		{29A07192-50BA-4825-A83E-FCF32BD7539B} = {29A07192-50BA-4825-A83E-FCF32BD7539B}
		{0E70C2EF-AD05-42AC-B22E-63A6487AE353} = {0E70C2EF-AD05-42AC-B22E-63A6487AE353}
		{51D4D871-D4FC-477F-A4DC-0D17502A992A} = {51D4D871-D4FC-477F-A4DC-0D17502A992A}
		{5098AC47-1570-4679-98AF-4B635C83A995} = {5098AC47-1570-4679-98AF-4B635C83A995}
		{2BAF8470-E7D7-4F0C-BB81-AB2C33689A11} = {2BAF8470-E7D7-4F0C-BB81-AB2C33689A11}
		{B552134E-4C82-432F-984B-7BEF1338C789} = {B552134E-4C82-432F-984B-7BEF1338C789}
		{6F7A0B99-D753-4561-A4C6-0C5CDF17DB6C} = {6F7A0B99-D753-4561-A4C6-0C5CDF17DB6C}
		{872C4872-FDB7-4887-B4E6-42E8D7C669D7} = {872C4872-FDB7-4887-B4E6-42E8D7C669D7}
		{FB275ECB-30CF-4D7D-9CE9-EBCFE7B7A4BE} = {FB275ECB-30CF-4D7D-9CE9-EBCFE7B7A4BE}
		{7FBB3FAC-D9CA-4E62-AD65-01176A9D5FE0} = {7FBB3FAC-D9CA-4E62-AD65-01176A9D5FE0}
		{13E2261A-94D3-4C8B-9ED9-AA3F98593062} = {13E2261A-94D3-4C8B-9ED9-AA3F98593062}
		{15AEB91C-7D80-4754-83F9-35A2A84BD15A} = {15AEB91C-7D80-4754-83F9-35A2A84BD15A}
		{CF1F9A7A-97EF-47F8-BDB4-78352D30FDDE} = {CF1F9A7A-97EF-47F8-BDB4-78352D30FDDE}
		{C2502B0B-30CF-45B9-8FEC-E63BE1282EF3} = {C2502B0B-30CF-45B9-8FEC-E63BE1282EF3}
		{7AF76FC8-9C62-4117-9093-7F909860FCFD} = {7AF76FC8-9C62-4117-9093-7F909860FCFD}
		{B0B9C8D7-985A-4BC9-92BF-D63E2C0406E2} = {B0B9C8D7-985A-4BC9-92BF-D63E2C0406E2}
		{6AA77FFA-90E1-4C83-BA4A-61A75516EB76} = {6AA77FFA-90E1-4C83-BA4A-61A75516EB76}
		{58270192-D1E5-4AC4-9BA9-0B32B2BCEF57} = {58270192-D1E5-4AC4-9BA9-0B32B2BCEF57}
		{6EEF6274-CA28-476E-94E0-226167F7AC02} = {6EEF6274-CA28-476E-94E0-226167F7AC02}
		{9E3BFC52-2AAC-419D-ABBC-9B7A2CBE7B7E} = {9E3BFC52-2AAC-419D-ABBC-9B7A2CBE7B7E}
		{E8534692-4D83-4BA1-89AD-7CE5CB14ADD5} = {E8534692-4D83-4BA1-89AD-7CE5CB14ADD5}
		{DE06A50D-5E9C-48C2-A9BF-3638EC2B2617} = {DE06A50D-5E9C-48C2-A9BF-3638EC2B2617}
		{D92814BA-7F6B-46FE-AF42-FFA71EC04CEB} = {D92814BA-7F6B-46FE-AF42-FFA71EC04CEB}
		{6D4CD752-80B9-4ECA-8FD5-5122423A9FB4} = {6D4CD752-80B9-4ECA-8FD5-5122423A9FB4}
		{908CC1E9-DE96-4A23-8733-0F6D3A87E2A9} = {908CC1E9-DE96-4A23-8733-0F6D3A87E2A9}
		{D244395C-1E14-4585-88DE-2D5158A7C22C} = {D244395C-1E14-4585-88DE-2D5158A7C22C}
		{6CCD1E8D-091C-430E-AC08-383193F8B6C8} = {6CCD1E8D-091C-430E-AC08-383193F8B6C8}
		{D21BE738-4901-4DB3-92CE-7D6BDB8FF906} = {D21BE738-4901-4DB3-92CE-7D6BDB8FF906}
		{E8EF82BB-8B84-4E95-8BEE-AD8F1A84311D} = {E8EF82BB-8B84-4E95-8BEE-AD8F1A84311D}
	EndProjectSection
EndProject
Project("{8BC9CEB8-8B4A-11D0-8D11-00A0C91BC942}") = "condor_acct", "condor_acct.vcproj", "{AA2B08CD-7FDC-4636-A2BA-81504630FCFF}"
EndProject
Project("{8BC9CEB8-8B4A-11D0-8D11-00A0C91BC942}") = "condor_advertise", "condor_advertise.vcproj", "{B0B9C8D7-985A-4BC9-92BF-D63E2C0406E2}"
	ProjectSection(ProjectDependencies) = postProject
		{3D8656D9-B0AC-4324-9D88-95477E12D3AE} = {3D8656D9-B0AC-4324-9D88-95477E12D3AE}
		{838C2345-539D-4249-BF7E-54B5902ADC1B} = {838C2345-539D-4249-BF7E-54B5902ADC1B}
		{B61C06AC-86DD-4589-8B6C-6E791737415E} = {B61C06AC-86DD-4589-8B6C-6E791737415E}
		{AE5A2D37-140D-4253-92CC-2F43EF8332B2} = {AE5A2D37-140D-4253-92CC-2F43EF8332B2}
		{70B93E43-AC90-4C05-BEEA-4A2BD343A4B9} = {70B93E43-AC90-4C05-BEEA-4A2BD343A4B9}
	EndProjectSection
EndProject
Project("{8BC9CEB8-8B4A-11D0-8D11-00A0C91BC942}") = "condor_birdwatcher", "condor_birdwatcher.vcproj", "{C369693F-AB71-413C-8D3E-F520E90B1F7A}"
EndProject
Project("{8BC9CEB8-8B4A-11D0-8D11-00A0C91BC942}") = "condor_cgahp", "condor_cgahp.vcproj", "{DE06A50D-5E9C-48C2-A9BF-3638EC2B2617}"
	ProjectSection(ProjectDependencies) = postProject
		{3D8656D9-B0AC-4324-9D88-95477E12D3AE} = {3D8656D9-B0AC-4324-9D88-95477E12D3AE}
		{838C2345-539D-4249-BF7E-54B5902ADC1B} = {838C2345-539D-4249-BF7E-54B5902ADC1B}
		{E90385AB-4376-4306-A036-7514F86C3C9D} = {E90385AB-4376-4306-A036-7514F86C3C9D}
		{B61C06AC-86DD-4589-8B6C-6E791737415E} = {B61C06AC-86DD-4589-8B6C-6E791737415E}
		{644BDBB5-4F19-4229-88F6-708B96FD450E} = {644BDBB5-4F19-4229-88F6-708B96FD450E}
		{AE5A2D37-140D-4253-92CC-2F43EF8332B2} = {AE5A2D37-140D-4253-92CC-2F43EF8332B2}
		{70B93E43-AC90-4C05-BEEA-4A2BD343A4B9} = {70B93E43-AC90-4C05-BEEA-4A2BD343A4B9}
	EndProjectSection
EndProject
Project("{8BC9CEB8-8B4A-11D0-8D11-00A0C91BC942}") = "condor_cgahp_worker", "condor_cgahp_worker.vcproj", "{D92814BA-7F6B-46FE-AF42-FFA71EC04CEB}"
	ProjectSection(ProjectDependencies) = postProject
		{3D8656D9-B0AC-4324-9D88-95477E12D3AE} = {3D8656D9-B0AC-4324-9D88-95477E12D3AE}
		{838C2345-539D-4249-BF7E-54B5902ADC1B} = {838C2345-539D-4249-BF7E-54B5902ADC1B}
		{B61C06AC-86DD-4589-8B6C-6E791737415E} = {B61C06AC-86DD-4589-8B6C-6E791737415E}
		{644BDBB5-4F19-4229-88F6-708B96FD450E} = {644BDBB5-4F19-4229-88F6-708B96FD450E}
		{AE5A2D37-140D-4253-92CC-2F43EF8332B2} = {AE5A2D37-140D-4253-92CC-2F43EF8332B2}
		{70B93E43-AC90-4C05-BEEA-4A2BD343A4B9} = {70B93E43-AC90-4C05-BEEA-4A2BD343A4B9}
		{C7114C7A-130A-4EB1-AA37-59AA79CCA6D3} = {C7114C7A-130A-4EB1-AA37-59AA79CCA6D3}
		{E90385AB-4376-4306-A036-7514F86C3C9D} = {E90385AB-4376-4306-A036-7514F86C3C9D}
	EndProjectSection
EndProject
Project("{8BC9CEB8-8B4A-11D0-8D11-00A0C91BC942}") = "condor_check_userlogs", "condor_check_userlogs.vcproj", "{D244395C-1E14-4585-88DE-2D5158A7C22C}"
	ProjectSection(ProjectDependencies) = postProject
		{838C2345-539D-4249-BF7E-54B5902ADC1B} = {838C2345-539D-4249-BF7E-54B5902ADC1B}
		{70B93E43-AC90-4C05-BEEA-4A2BD343A4B9} = {70B93E43-AC90-4C05-BEEA-4A2BD343A4B9}
		{3D8656D9-B0AC-4324-9D88-95477E12D3AE} = {3D8656D9-B0AC-4324-9D88-95477E12D3AE}
		{B61C06AC-86DD-4589-8B6C-6E791737415E} = {B61C06AC-86DD-4589-8B6C-6E791737415E}
		{AE5A2D37-140D-4253-92CC-2F43EF8332B2} = {AE5A2D37-140D-4253-92CC-2F43EF8332B2}
	EndProjectSection
EndProject
Project("{8BC9CEB8-8B4A-11D0-8D11-00A0C91BC942}") = "condor_chirp", "condor_chirp.vcproj", "{A1153855-C2FA-4CF9-A9D9-37FF11531B65}"
	ProjectSection(ProjectDependencies) = postProject
		{838C2345-539D-4249-BF7E-54B5902ADC1B} = {838C2345-539D-4249-BF7E-54B5902ADC1B}
		{A3D4A8C4-85B7-48A3-B842-85D794D0AE4C} = {A3D4A8C4-85B7-48A3-B842-85D794D0AE4C}
	EndProjectSection
EndProject
Project("{8BC9CEB8-8B4A-11D0-8D11-00A0C91BC942}") = "condor_chirp_client", "condor_chirp_client.vcproj", "{A3D4A8C4-85B7-48A3-B842-85D794D0AE4C}"
EndProject
Project("{8BC9CEB8-8B4A-11D0-8D11-00A0C91BC942}") = "condor_classad", "condor_classad.vcproj", "{3D8656D9-B0AC-4324-9D88-95477E12D3AE}"
	ProjectSection(ProjectDependencies) = postProject
		{838C2345-539D-4249-BF7E-54B5902ADC1B} = {838C2345-539D-4249-BF7E-54B5902ADC1B}
		{70B93E43-AC90-4C05-BEEA-4A2BD343A4B9} = {70B93E43-AC90-4C05-BEEA-4A2BD343A4B9}
	EndProjectSection
EndProject
Project("{8BC9CEB8-8B4A-11D0-8D11-00A0C91BC942}") = "condor_classad_test", "condor_classad_test.vcproj", "{8E1483DF-EA01-4D9B-8027-D7ADD0E2D7BA}"
	ProjectSection(ProjectDependencies) = postProject
		{3D8656D9-B0AC-4324-9D88-95477E12D3AE} = {3D8656D9-B0AC-4324-9D88-95477E12D3AE}
		{838C2345-539D-4249-BF7E-54B5902ADC1B} = {838C2345-539D-4249-BF7E-54B5902ADC1B}
		{70B93E43-AC90-4C05-BEEA-4A2BD343A4B9} = {70B93E43-AC90-4C05-BEEA-4A2BD343A4B9}
		{B61C06AC-86DD-4589-8B6C-6E791737415E} = {B61C06AC-86DD-4589-8B6C-6E791737415E}
		{AE5A2D37-140D-4253-92CC-2F43EF8332B2} = {AE5A2D37-140D-4253-92CC-2F43EF8332B2}
	EndProjectSection
EndProject
Project("{8BC9CEB8-8B4A-11D0-8D11-00A0C91BC942}") = "condor_cod", "condor_cod.vcproj", "{9E3BFC52-2AAC-419D-ABBC-9B7A2CBE7B7E}"
	ProjectSection(ProjectDependencies) = postProject
		{3D8656D9-B0AC-4324-9D88-95477E12D3AE} = {3D8656D9-B0AC-4324-9D88-95477E12D3AE}
		{838C2345-539D-4249-BF7E-54B5902ADC1B} = {838C2345-539D-4249-BF7E-54B5902ADC1B}
		{B61C06AC-86DD-4589-8B6C-6E791737415E} = {B61C06AC-86DD-4589-8B6C-6E791737415E}
		{AE5A2D37-140D-4253-92CC-2F43EF8332B2} = {AE5A2D37-140D-4253-92CC-2F43EF8332B2}
		{70B93E43-AC90-4C05-BEEA-4A2BD343A4B9} = {70B93E43-AC90-4C05-BEEA-4A2BD343A4B9}
	EndProjectSection
EndProject
Project("{8BC9CEB8-8B4A-11D0-8D11-00A0C91BC942}") = "condor_collector", "condor_collector.vcproj", "{775C501B-6425-4F90-8191-A25FC111CFE7}"
	ProjectSection(ProjectDependencies) = postProject
		{70B93E43-AC90-4C05-BEEA-4A2BD343A4B9} = {70B93E43-AC90-4C05-BEEA-4A2BD343A4B9}
		{838C2345-539D-4249-BF7E-54B5902ADC1B} = {838C2345-539D-4249-BF7E-54B5902ADC1B}
		{3D8656D9-B0AC-4324-9D88-95477E12D3AE} = {3D8656D9-B0AC-4324-9D88-95477E12D3AE}
		{E90385AB-4376-4306-A036-7514F86C3C9D} = {E90385AB-4376-4306-A036-7514F86C3C9D}
		{B61C06AC-86DD-4589-8B6C-6E791737415E} = {B61C06AC-86DD-4589-8B6C-6E791737415E}
		{AE5A2D37-140D-4253-92CC-2F43EF8332B2} = {AE5A2D37-140D-4253-92CC-2F43EF8332B2}
		{644BDBB5-4F19-4229-88F6-708B96FD450E} = {644BDBB5-4F19-4229-88F6-708B96FD450E}
	EndProjectSection
EndProject
Project("{8BC9CEB8-8B4A-11D0-8D11-00A0C91BC942}") = "condor_config_val", "condor_config_val.vcproj", "{51D4D871-D4FC-477F-A4DC-0D17502A992A}"
	ProjectSection(ProjectDependencies) = postProject
		{3D8656D9-B0AC-4324-9D88-95477E12D3AE} = {3D8656D9-B0AC-4324-9D88-95477E12D3AE}
		{838C2345-539D-4249-BF7E-54B5902ADC1B} = {838C2345-539D-4249-BF7E-54B5902ADC1B}
		{B61C06AC-86DD-4589-8B6C-6E791737415E} = {B61C06AC-86DD-4589-8B6C-6E791737415E}
		{70B93E43-AC90-4C05-BEEA-4A2BD343A4B9} = {70B93E43-AC90-4C05-BEEA-4A2BD343A4B9}
		{AE5A2D37-140D-4253-92CC-2F43EF8332B2} = {AE5A2D37-140D-4253-92CC-2F43EF8332B2}
	EndProjectSection
EndProject
Project("{8BC9CEB8-8B4A-11D0-8D11-00A0C91BC942}") = "condor_cpp_util", "condor_cpp_util.vcproj", "{838C2345-539D-4249-BF7E-54B5902ADC1B}"
EndProject
Project("{8BC9CEB8-8B4A-11D0-8D11-00A0C91BC942}") = "condor_credd", "condor_credd.vcproj", "{6CCD1E8D-091C-430E-AC08-383193F8B6C8}"
	ProjectSection(ProjectDependencies) = postProject
		{3D8656D9-B0AC-4324-9D88-95477E12D3AE} = {3D8656D9-B0AC-4324-9D88-95477E12D3AE}
		{838C2345-539D-4249-BF7E-54B5902ADC1B} = {838C2345-539D-4249-BF7E-54B5902ADC1B}
		{E90385AB-4376-4306-A036-7514F86C3C9D} = {E90385AB-4376-4306-A036-7514F86C3C9D}
		{B61C06AC-86DD-4589-8B6C-6E791737415E} = {B61C06AC-86DD-4589-8B6C-6E791737415E}
		{644BDBB5-4F19-4229-88F6-708B96FD450E} = {644BDBB5-4F19-4229-88F6-708B96FD450E}
		{AE5A2D37-140D-4253-92CC-2F43EF8332B2} = {AE5A2D37-140D-4253-92CC-2F43EF8332B2}
		{70B93E43-AC90-4C05-BEEA-4A2BD343A4B9} = {70B93E43-AC90-4C05-BEEA-4A2BD343A4B9}
	EndProjectSection
EndProject
Project("{8BC9CEB8-8B4A-11D0-8D11-00A0C91BC942}") = "condor_daemon_core", "condor_daemon_core.vcproj", "{E90385AB-4376-4306-A036-7514F86C3C9D}"
EndProject
Project("{8BC9CEB8-8B4A-11D0-8D11-00A0C91BC942}") = "condor_dagman", "condor_dagman.vcproj", "{13E2261A-94D3-4C8B-9ED9-AA3F98593062}"
	ProjectSection(ProjectDependencies) = postProject
		{838C2345-539D-4249-BF7E-54B5902ADC1B} = {838C2345-539D-4249-BF7E-54B5902ADC1B}
		{E90385AB-4376-4306-A036-7514F86C3C9D} = {E90385AB-4376-4306-A036-7514F86C3C9D}
		{B61C06AC-86DD-4589-8B6C-6E791737415E} = {B61C06AC-86DD-4589-8B6C-6E791737415E}
		{70B93E43-AC90-4C05-BEEA-4A2BD343A4B9} = {70B93E43-AC90-4C05-BEEA-4A2BD343A4B9}
		{AE5A2D37-140D-4253-92CC-2F43EF8332B2} = {AE5A2D37-140D-4253-92CC-2F43EF8332B2}
		{3D8656D9-B0AC-4324-9D88-95477E12D3AE} = {3D8656D9-B0AC-4324-9D88-95477E12D3AE}
		{644BDBB5-4F19-4229-88F6-708B96FD450E} = {644BDBB5-4F19-4229-88F6-708B96FD450E}
	EndProjectSection
EndProject
Project("{8BC9CEB8-8B4A-11D0-8D11-00A0C91BC942}") = "condor_eventd", "condor_eventd.vcproj", "{E69D9419-FE65-4DF6-AE6E-1EFB785085B6}"
	ProjectSection(ProjectDependencies) = postProject
		{3D8656D9-B0AC-4324-9D88-95477E12D3AE} = {3D8656D9-B0AC-4324-9D88-95477E12D3AE}
		{838C2345-539D-4249-BF7E-54B5902ADC1B} = {838C2345-539D-4249-BF7E-54B5902ADC1B}
		{E90385AB-4376-4306-A036-7514F86C3C9D} = {E90385AB-4376-4306-A036-7514F86C3C9D}
		{AE5A2D37-140D-4253-92CC-2F43EF8332B2} = {AE5A2D37-140D-4253-92CC-2F43EF8332B2}
		{70B93E43-AC90-4C05-BEEA-4A2BD343A4B9} = {70B93E43-AC90-4C05-BEEA-4A2BD343A4B9}
		{B61C06AC-86DD-4589-8B6C-6E791737415E} = {B61C06AC-86DD-4589-8B6C-6E791737415E}
		{644BDBB5-4F19-4229-88F6-708B96FD450E} = {644BDBB5-4F19-4229-88F6-708B96FD450E}
	EndProjectSection
EndProject
Project("{8BC9CEB8-8B4A-11D0-8D11-00A0C91BC942}") = "condor_fetchlog", "condor_fetchlog.vcproj", "{C2502B0B-30CF-45B9-8FEC-E63BE1282EF3}"
	ProjectSection(ProjectDependencies) = postProject
		{3D8656D9-B0AC-4324-9D88-95477E12D3AE} = {3D8656D9-B0AC-4324-9D88-95477E12D3AE}
		{838C2345-539D-4249-BF7E-54B5902ADC1B} = {838C2345-539D-4249-BF7E-54B5902ADC1B}
		{B61C06AC-86DD-4589-8B6C-6E791737415E} = {B61C06AC-86DD-4589-8B6C-6E791737415E}
		{AE5A2D37-140D-4253-92CC-2F43EF8332B2} = {AE5A2D37-140D-4253-92CC-2F43EF8332B2}
		{70B93E43-AC90-4C05-BEEA-4A2BD343A4B9} = {70B93E43-AC90-4C05-BEEA-4A2BD343A4B9}
	EndProjectSection
EndProject
Project("{8BC9CEB8-8B4A-11D0-8D11-00A0C91BC942}") = "condor_findhost", "condor_findhost.vcproj", "{15AEB91C-7D80-4754-83F9-35A2A84BD15A}"
	ProjectSection(ProjectDependencies) = postProject
		{3D8656D9-B0AC-4324-9D88-95477E12D3AE} = {3D8656D9-B0AC-4324-9D88-95477E12D3AE}
		{838C2345-539D-4249-BF7E-54B5902ADC1B} = {838C2345-539D-4249-BF7E-54B5902ADC1B}
		{B61C06AC-86DD-4589-8B6C-6E791737415E} = {B61C06AC-86DD-4589-8B6C-6E791737415E}
		{AE5A2D37-140D-4253-92CC-2F43EF8332B2} = {AE5A2D37-140D-4253-92CC-2F43EF8332B2}
		{70B93E43-AC90-4C05-BEEA-4A2BD343A4B9} = {70B93E43-AC90-4C05-BEEA-4A2BD343A4B9}
	EndProjectSection
EndProject
Project("{8BC9CEB8-8B4A-11D0-8D11-00A0C91BC942}") = "condor_gridmanager", "condor_gridmanager.vcproj", "{58270192-D1E5-4AC4-9BA9-0B32B2BCEF57}"
	ProjectSection(ProjectDependencies) = postProject
		{3D8656D9-B0AC-4324-9D88-95477E12D3AE} = {3D8656D9-B0AC-4324-9D88-95477E12D3AE}
		{838C2345-539D-4249-BF7E-54B5902ADC1B} = {838C2345-539D-4249-BF7E-54B5902ADC1B}
		{E90385AB-4376-4306-A036-7514F86C3C9D} = {E90385AB-4376-4306-A036-7514F86C3C9D}
		{B61C06AC-86DD-4589-8B6C-6E791737415E} = {B61C06AC-86DD-4589-8B6C-6E791737415E}
		{AE5A2D37-140D-4253-92CC-2F43EF8332B2} = {AE5A2D37-140D-4253-92CC-2F43EF8332B2}
		{70B93E43-AC90-4C05-BEEA-4A2BD343A4B9} = {70B93E43-AC90-4C05-BEEA-4A2BD343A4B9}
		{C7114C7A-130A-4EB1-AA37-59AA79CCA6D3} = {C7114C7A-130A-4EB1-AA37-59AA79CCA6D3}
		{644BDBB5-4F19-4229-88F6-708B96FD450E} = {644BDBB5-4F19-4229-88F6-708B96FD450E}
	EndProjectSection
EndProject
Project("{8BC9CEB8-8B4A-11D0-8D11-00A0C91BC942}") = "condor_had", "condor_had.vcproj", "{908CC1E9-DE96-4A23-8733-0F6D3A87E2A9}"
	ProjectSection(ProjectDependencies) = postProject
		{3D8656D9-B0AC-4324-9D88-95477E12D3AE} = {3D8656D9-B0AC-4324-9D88-95477E12D3AE}
		{838C2345-539D-4249-BF7E-54B5902ADC1B} = {838C2345-539D-4249-BF7E-54B5902ADC1B}
		{E90385AB-4376-4306-A036-7514F86C3C9D} = {E90385AB-4376-4306-A036-7514F86C3C9D}
		{B61C06AC-86DD-4589-8B6C-6E791737415E} = {B61C06AC-86DD-4589-8B6C-6E791737415E}
		{644BDBB5-4F19-4229-88F6-708B96FD450E} = {644BDBB5-4F19-4229-88F6-708B96FD450E}
		{AE5A2D37-140D-4253-92CC-2F43EF8332B2} = {AE5A2D37-140D-4253-92CC-2F43EF8332B2}
		{70B93E43-AC90-4C05-BEEA-4A2BD343A4B9} = {70B93E43-AC90-4C05-BEEA-4A2BD343A4B9}
	EndProjectSection
EndProject
Project("{8BC9CEB8-8B4A-11D0-8D11-00A0C91BC942}") = "condor_history", "condor_history.vcproj", "{5098AC47-1570-4679-98AF-4B635C83A995}"
	ProjectSection(ProjectDependencies) = postProject
		{3D8656D9-B0AC-4324-9D88-95477E12D3AE} = {3D8656D9-B0AC-4324-9D88-95477E12D3AE}
		{838C2345-539D-4249-BF7E-54B5902ADC1B} = {838C2345-539D-4249-BF7E-54B5902ADC1B}
		{B61C06AC-86DD-4589-8B6C-6E791737415E} = {B61C06AC-86DD-4589-8B6C-6E791737415E}
		{70B93E43-AC90-4C05-BEEA-4A2BD343A4B9} = {70B93E43-AC90-4C05-BEEA-4A2BD343A4B9}
		{AE5A2D37-140D-4253-92CC-2F43EF8332B2} = {AE5A2D37-140D-4253-92CC-2F43EF8332B2}
	EndProjectSection
EndProject
Project("{8BC9CEB8-8B4A-11D0-8D11-00A0C91BC942}") = "condor_io", "condor_io.vcproj", "{B61C06AC-86DD-4589-8B6C-6E791737415E}"
EndProject
Project("{8BC9CEB8-8B4A-11D0-8D11-00A0C91BC942}") = "condor_kbdd_dll", "condor_kbdd_dll.vcproj", "{9D49FE9C-6DB0-47F5-80C9-43DA3FF675D3}"
EndProject
Project("{8BC9CEB8-8B4A-11D0-8D11-00A0C91BC942}") = "condor_mail", "condor_mail.vcproj", "{FB275ECB-30CF-4D7D-9CE9-EBCFE7B7A4BE}"
EndProject
Project("{8BC9CEB8-8B4A-11D0-8D11-00A0C91BC942}") = "condor_master", "condor_master.vcproj", "{4BC8A938-9816-4E61-B063-A73C9D7082DC}"
	ProjectSection(ProjectDependencies) = postProject
		{70B93E43-AC90-4C05-BEEA-4A2BD343A4B9} = {70B93E43-AC90-4C05-BEEA-4A2BD343A4B9}
		{838C2345-539D-4249-BF7E-54B5902ADC1B} = {838C2345-539D-4249-BF7E-54B5902ADC1B}
		{3D8656D9-B0AC-4324-9D88-95477E12D3AE} = {3D8656D9-B0AC-4324-9D88-95477E12D3AE}
		{E90385AB-4376-4306-A036-7514F86C3C9D} = {E90385AB-4376-4306-A036-7514F86C3C9D}
		{B61C06AC-86DD-4589-8B6C-6E791737415E} = {B61C06AC-86DD-4589-8B6C-6E791737415E}
		{AE5A2D37-140D-4253-92CC-2F43EF8332B2} = {AE5A2D37-140D-4253-92CC-2F43EF8332B2}
		{644BDBB5-4F19-4229-88F6-708B96FD450E} = {644BDBB5-4F19-4229-88F6-708B96FD450E}
	EndProjectSection
EndProject
Project("{8BC9CEB8-8B4A-11D0-8D11-00A0C91BC942}") = "condor_negotiator", "condor_negotiator.vcproj", "{BEA58B69-14CD-4E2A-B497-E5275690F47D}"
	ProjectSection(ProjectDependencies) = postProject
		{70B93E43-AC90-4C05-BEEA-4A2BD343A4B9} = {70B93E43-AC90-4C05-BEEA-4A2BD343A4B9}
		{838C2345-539D-4249-BF7E-54B5902ADC1B} = {838C2345-539D-4249-BF7E-54B5902ADC1B}
		{3D8656D9-B0AC-4324-9D88-95477E12D3AE} = {3D8656D9-B0AC-4324-9D88-95477E12D3AE}
		{E90385AB-4376-4306-A036-7514F86C3C9D} = {E90385AB-4376-4306-A036-7514F86C3C9D}
		{B61C06AC-86DD-4589-8B6C-6E791737415E} = {B61C06AC-86DD-4589-8B6C-6E791737415E}
		{AA2B08CD-7FDC-4636-A2BA-81504630FCFF} = {AA2B08CD-7FDC-4636-A2BA-81504630FCFF}
		{AE5A2D37-140D-4253-92CC-2F43EF8332B2} = {AE5A2D37-140D-4253-92CC-2F43EF8332B2}
		{644BDBB5-4F19-4229-88F6-708B96FD450E} = {644BDBB5-4F19-4229-88F6-708B96FD450E}
	EndProjectSection
EndProject
Project("{8BC9CEB8-8B4A-11D0-8D11-00A0C91BC942}") = "condor_preen", "condor_preen.vcproj", "{2BAF8470-E7D7-4F0C-BB81-AB2C33689A11}"
	ProjectSection(ProjectDependencies) = postProject
		{838C2345-539D-4249-BF7E-54B5902ADC1B} = {838C2345-539D-4249-BF7E-54B5902ADC1B}
		{70B93E43-AC90-4C05-BEEA-4A2BD343A4B9} = {70B93E43-AC90-4C05-BEEA-4A2BD343A4B9}
		{3D8656D9-B0AC-4324-9D88-95477E12D3AE} = {3D8656D9-B0AC-4324-9D88-95477E12D3AE}
		{B61C06AC-86DD-4589-8B6C-6E791737415E} = {B61C06AC-86DD-4589-8B6C-6E791737415E}
		{C7114C7A-130A-4EB1-AA37-59AA79CCA6D3} = {C7114C7A-130A-4EB1-AA37-59AA79CCA6D3}
		{AE5A2D37-140D-4253-92CC-2F43EF8332B2} = {AE5A2D37-140D-4253-92CC-2F43EF8332B2}
	EndProjectSection
EndProject
Project("{8BC9CEB8-8B4A-11D0-8D11-00A0C91BC942}") = "condor_prio", "condor_prio.vcproj", "{91227CBB-1EFF-4D3D-80D8-B4723DF9235E}"
	ProjectSection(ProjectDependencies) = postProject
		{70B93E43-AC90-4C05-BEEA-4A2BD343A4B9} = {70B93E43-AC90-4C05-BEEA-4A2BD343A4B9}
		{838C2345-539D-4249-BF7E-54B5902ADC1B} = {838C2345-539D-4249-BF7E-54B5902ADC1B}
		{3D8656D9-B0AC-4324-9D88-95477E12D3AE} = {3D8656D9-B0AC-4324-9D88-95477E12D3AE}
		{B61C06AC-86DD-4589-8B6C-6E791737415E} = {B61C06AC-86DD-4589-8B6C-6E791737415E}
		{AE5A2D37-140D-4253-92CC-2F43EF8332B2} = {AE5A2D37-140D-4253-92CC-2F43EF8332B2}
		{C7114C7A-130A-4EB1-AA37-59AA79CCA6D3} = {C7114C7A-130A-4EB1-AA37-59AA79CCA6D3}
	EndProjectSection
EndProject
Project("{8BC9CEB8-8B4A-11D0-8D11-00A0C91BC942}") = "condor_procapi", "condor_procapi.vcproj", "{644BDBB5-4F19-4229-88F6-708B96FD450E}"
EndProject
Project("{8BC9CEB8-8B4A-11D0-8D11-00A0C91BC942}") = "condor_procapi_test", "condor_procapi_test.vcproj", "{83C48F6F-B0D4-44B8-B75E-F5DEAF028844}"
	ProjectSection(ProjectDependencies) = postProject
		{644BDBB5-4F19-4229-88F6-708B96FD450E} = {644BDBB5-4F19-4229-88F6-708B96FD450E}
		{70B93E43-AC90-4C05-BEEA-4A2BD343A4B9} = {70B93E43-AC90-4C05-BEEA-4A2BD343A4B9}
		{838C2345-539D-4249-BF7E-54B5902ADC1B} = {838C2345-539D-4249-BF7E-54B5902ADC1B}
		{3D8656D9-B0AC-4324-9D88-95477E12D3AE} = {3D8656D9-B0AC-4324-9D88-95477E12D3AE}
		{B61C06AC-86DD-4589-8B6C-6E791737415E} = {B61C06AC-86DD-4589-8B6C-6E791737415E}
		{AE5A2D37-140D-4253-92CC-2F43EF8332B2} = {AE5A2D37-140D-4253-92CC-2F43EF8332B2}
	EndProjectSection
EndProject
Project("{8BC9CEB8-8B4A-11D0-8D11-00A0C91BC942}") = "condor_q", "condor_q.vcproj", "{B874155F-897C-4733-96C0-84656E78EBCF}"
	ProjectSection(ProjectDependencies) = postProject
		{70B93E43-AC90-4C05-BEEA-4A2BD343A4B9} = {70B93E43-AC90-4C05-BEEA-4A2BD343A4B9}
		{838C2345-539D-4249-BF7E-54B5902ADC1B} = {838C2345-539D-4249-BF7E-54B5902ADC1B}
		{3D8656D9-B0AC-4324-9D88-95477E12D3AE} = {3D8656D9-B0AC-4324-9D88-95477E12D3AE}
		{B61C06AC-86DD-4589-8B6C-6E791737415E} = {B61C06AC-86DD-4589-8B6C-6E791737415E}
		{C7114C7A-130A-4EB1-AA37-59AA79CCA6D3} = {C7114C7A-130A-4EB1-AA37-59AA79CCA6D3}
		{AE5A2D37-140D-4253-92CC-2F43EF8332B2} = {AE5A2D37-140D-4253-92CC-2F43EF8332B2}
	EndProjectSection
EndProject
Project("{8BC9CEB8-8B4A-11D0-8D11-00A0C91BC942}") = "condor_qedit", "condor_qedit.vcproj", "{6F7A0B99-D753-4561-A4C6-0C5CDF17DB6C}"
	ProjectSection(ProjectDependencies) = postProject
		{3D8656D9-B0AC-4324-9D88-95477E12D3AE} = {3D8656D9-B0AC-4324-9D88-95477E12D3AE}
		{838C2345-539D-4249-BF7E-54B5902ADC1B} = {838C2345-539D-4249-BF7E-54B5902ADC1B}
		{B61C06AC-86DD-4589-8B6C-6E791737415E} = {B61C06AC-86DD-4589-8B6C-6E791737415E}
		{C7114C7A-130A-4EB1-AA37-59AA79CCA6D3} = {C7114C7A-130A-4EB1-AA37-59AA79CCA6D3}
		{AE5A2D37-140D-4253-92CC-2F43EF8332B2} = {AE5A2D37-140D-4253-92CC-2F43EF8332B2}
		{70B93E43-AC90-4C05-BEEA-4A2BD343A4B9} = {70B93E43-AC90-4C05-BEEA-4A2BD343A4B9}
	EndProjectSection
EndProject
Project("{8BC9CEB8-8B4A-11D0-8D11-00A0C91BC942}") = "condor_qmgmt", "condor_qmgmt.vcproj", "{C7114C7A-130A-4EB1-AA37-59AA79CCA6D3}"
EndProject
Project("{8BC9CEB8-8B4A-11D0-8D11-00A0C91BC942}") = "condor_quill", "condor_quill.vcproj", "{6D4CD752-80B9-4ECA-8FD5-5122423A9FB4}"
	ProjectSection(ProjectDependencies) = postProject
		{3D8656D9-B0AC-4324-9D88-95477E12D3AE} = {3D8656D9-B0AC-4324-9D88-95477E12D3AE}
		{838C2345-539D-4249-BF7E-54B5902ADC1B} = {838C2345-539D-4249-BF7E-54B5902ADC1B}
		{E90385AB-4376-4306-A036-7514F86C3C9D} = {E90385AB-4376-4306-A036-7514F86C3C9D}
		{B61C06AC-86DD-4589-8B6C-6E791737415E} = {B61C06AC-86DD-4589-8B6C-6E791737415E}
		{70B93E43-AC90-4C05-BEEA-4A2BD343A4B9} = {70B93E43-AC90-4C05-BEEA-4A2BD343A4B9}
		{644BDBB5-4F19-4229-88F6-708B96FD450E} = {644BDBB5-4F19-4229-88F6-708B96FD450E}
		{AE5A2D37-140D-4253-92CC-2F43EF8332B2} = {AE5A2D37-140D-4253-92CC-2F43EF8332B2}
	EndProjectSection
EndProject
Project("{8BC9CEB8-8B4A-11D0-8D11-00A0C91BC942}") = "condor_replication", "condor_replication.vcproj", "{D21BE738-4901-4DB3-92CE-7D6BDB8FF906}"
	ProjectSection(ProjectDependencies) = postProject
		{838C2345-539D-4249-BF7E-54B5902ADC1B} = {838C2345-539D-4249-BF7E-54B5902ADC1B}
		{E90385AB-4376-4306-A036-7514F86C3C9D} = {E90385AB-4376-4306-A036-7514F86C3C9D}
		{70B93E43-AC90-4C05-BEEA-4A2BD343A4B9} = {70B93E43-AC90-4C05-BEEA-4A2BD343A4B9}
		{B61C06AC-86DD-4589-8B6C-6E791737415E} = {B61C06AC-86DD-4589-8B6C-6E791737415E}
		{3D8656D9-B0AC-4324-9D88-95477E12D3AE} = {3D8656D9-B0AC-4324-9D88-95477E12D3AE}
		{AE5A2D37-140D-4253-92CC-2F43EF8332B2} = {AE5A2D37-140D-4253-92CC-2F43EF8332B2}
		{644BDBB5-4F19-4229-88F6-708B96FD450E} = {644BDBB5-4F19-4229-88F6-708B96FD450E}
	EndProjectSection
EndProject
Project("{8BC9CEB8-8B4A-11D0-8D11-00A0C91BC942}") = "condor_rm", "condor_rm.vcproj", "{CFA3B39A-7846-4656-B84F-672C8CE47261}"
	ProjectSection(ProjectDependencies) = postProject
		{70B93E43-AC90-4C05-BEEA-4A2BD343A4B9} = {70B93E43-AC90-4C05-BEEA-4A2BD343A4B9}
		{838C2345-539D-4249-BF7E-54B5902ADC1B} = {838C2345-539D-4249-BF7E-54B5902ADC1B}
		{C7114C7A-130A-4EB1-AA37-59AA79CCA6D3} = {C7114C7A-130A-4EB1-AA37-59AA79CCA6D3}
		{B61C06AC-86DD-4589-8B6C-6E791737415E} = {B61C06AC-86DD-4589-8B6C-6E791737415E}
		{3D8656D9-B0AC-4324-9D88-95477E12D3AE} = {3D8656D9-B0AC-4324-9D88-95477E12D3AE}
		{AE5A2D37-140D-4253-92CC-2F43EF8332B2} = {AE5A2D37-140D-4253-92CC-2F43EF8332B2}
	EndProjectSection
EndProject
Project("{8BC9CEB8-8B4A-11D0-8D11-00A0C91BC942}") = "condor_schedd", "condor_schedd.vcproj", "{B4B447B3-48AF-428E-A16F-DEC14BD75A0D}"
	ProjectSection(ProjectDependencies) = postProject
		{70B93E43-AC90-4C05-BEEA-4A2BD343A4B9} = {70B93E43-AC90-4C05-BEEA-4A2BD343A4B9}
		{838C2345-539D-4249-BF7E-54B5902ADC1B} = {838C2345-539D-4249-BF7E-54B5902ADC1B}
		{3D8656D9-B0AC-4324-9D88-95477E12D3AE} = {3D8656D9-B0AC-4324-9D88-95477E12D3AE}
		{E90385AB-4376-4306-A036-7514F86C3C9D} = {E90385AB-4376-4306-A036-7514F86C3C9D}
		{B61C06AC-86DD-4589-8B6C-6E791737415E} = {B61C06AC-86DD-4589-8B6C-6E791737415E}
		{AE5A2D37-140D-4253-92CC-2F43EF8332B2} = {AE5A2D37-140D-4253-92CC-2F43EF8332B2}
		{644BDBB5-4F19-4229-88F6-708B96FD450E} = {644BDBB5-4F19-4229-88F6-708B96FD450E}
	EndProjectSection
EndProject
Project("{8BC9CEB8-8B4A-11D0-8D11-00A0C91BC942}") = "condor_shadow", "condor_shadow.vcproj", "{0E70C2EF-AD05-42AC-B22E-63A6487AE353}"
	ProjectSection(ProjectDependencies) = postProject
		{3D8656D9-B0AC-4324-9D88-95477E12D3AE} = {3D8656D9-B0AC-4324-9D88-95477E12D3AE}
		{838C2345-539D-4249-BF7E-54B5902ADC1B} = {838C2345-539D-4249-BF7E-54B5902ADC1B}
		{E90385AB-4376-4306-A036-7514F86C3C9D} = {E90385AB-4376-4306-A036-7514F86C3C9D}
		{B61C06AC-86DD-4589-8B6C-6E791737415E} = {B61C06AC-86DD-4589-8B6C-6E791737415E}
		{70B93E43-AC90-4C05-BEEA-4A2BD343A4B9} = {70B93E43-AC90-4C05-BEEA-4A2BD343A4B9}
		{C7114C7A-130A-4EB1-AA37-59AA79CCA6D3} = {C7114C7A-130A-4EB1-AA37-59AA79CCA6D3}
		{AE5A2D37-140D-4253-92CC-2F43EF8332B2} = {AE5A2D37-140D-4253-92CC-2F43EF8332B2}
		{644BDBB5-4F19-4229-88F6-708B96FD450E} = {644BDBB5-4F19-4229-88F6-708B96FD450E}
	EndProjectSection
EndProject
Project("{8BC9CEB8-8B4A-11D0-8D11-00A0C91BC942}") = "condor_startd", "condor_startd.vcproj", "{50443862-C166-4652-910C-0BB80E851CCC}"
	ProjectSection(ProjectDependencies) = postProject
		{70B93E43-AC90-4C05-BEEA-4A2BD343A4B9} = {70B93E43-AC90-4C05-BEEA-4A2BD343A4B9}
		{838C2345-539D-4249-BF7E-54B5902ADC1B} = {838C2345-539D-4249-BF7E-54B5902ADC1B}
		{3D8656D9-B0AC-4324-9D88-95477E12D3AE} = {3D8656D9-B0AC-4324-9D88-95477E12D3AE}
		{B61C06AC-86DD-4589-8B6C-6E791737415E} = {B61C06AC-86DD-4589-8B6C-6E791737415E}
		{E90385AB-4376-4306-A036-7514F86C3C9D} = {E90385AB-4376-4306-A036-7514F86C3C9D}
		{644BDBB5-4F19-4229-88F6-708B96FD450E} = {644BDBB5-4F19-4229-88F6-708B96FD450E}
		{AE5A2D37-140D-4253-92CC-2F43EF8332B2} = {AE5A2D37-140D-4253-92CC-2F43EF8332B2}
	EndProjectSection
EndProject
Project("{8BC9CEB8-8B4A-11D0-8D11-00A0C91BC942}") = "condor_starter", "condor_starter.vcproj", "{76004B82-88F6-4C5A-B329-E31B3605B49E}"
	ProjectSection(ProjectDependencies) = postProject
		{3D8656D9-B0AC-4324-9D88-95477E12D3AE} = {3D8656D9-B0AC-4324-9D88-95477E12D3AE}
		{838C2345-539D-4249-BF7E-54B5902ADC1B} = {838C2345-539D-4249-BF7E-54B5902ADC1B}
		{E90385AB-4376-4306-A036-7514F86C3C9D} = {E90385AB-4376-4306-A036-7514F86C3C9D}
		{B61C06AC-86DD-4589-8B6C-6E791737415E} = {B61C06AC-86DD-4589-8B6C-6E791737415E}
		{70B93E43-AC90-4C05-BEEA-4A2BD343A4B9} = {70B93E43-AC90-4C05-BEEA-4A2BD343A4B9}
		{644BDBB5-4F19-4229-88F6-708B96FD450E} = {644BDBB5-4F19-4229-88F6-708B96FD450E}
		{AE5A2D37-140D-4253-92CC-2F43EF8332B2} = {AE5A2D37-140D-4253-92CC-2F43EF8332B2}
		{C7114C7A-130A-4EB1-AA37-59AA79CCA6D3} = {C7114C7A-130A-4EB1-AA37-59AA79CCA6D3}
	EndProjectSection
EndProject
Project("{8BC9CEB8-8B4A-11D0-8D11-00A0C91BC942}") = "condor_stats", "condor_stats.vcproj", "{B552134E-4C82-432F-984B-7BEF1338C789}"
	ProjectSection(ProjectDependencies) = postProject
		{838C2345-539D-4249-BF7E-54B5902ADC1B} = {838C2345-539D-4249-BF7E-54B5902ADC1B}
		{B61C06AC-86DD-4589-8B6C-6E791737415E} = {B61C06AC-86DD-4589-8B6C-6E791737415E}
		{70B93E43-AC90-4C05-BEEA-4A2BD343A4B9} = {70B93E43-AC90-4C05-BEEA-4A2BD343A4B9}
		{3D8656D9-B0AC-4324-9D88-95477E12D3AE} = {3D8656D9-B0AC-4324-9D88-95477E12D3AE}
		{AE5A2D37-140D-4253-92CC-2F43EF8332B2} = {AE5A2D37-140D-4253-92CC-2F43EF8332B2}
	EndProjectSection
EndProject
Project("{8BC9CEB8-8B4A-11D0-8D11-00A0C91BC942}") = "condor_status", "condor_status.vcproj", "{872C4872-FDB7-4887-B4E6-42E8D7C669D7}"
	ProjectSection(ProjectDependencies) = postProject
		{3D8656D9-B0AC-4324-9D88-95477E12D3AE} = {3D8656D9-B0AC-4324-9D88-95477E12D3AE}
		{838C2345-539D-4249-BF7E-54B5902ADC1B} = {838C2345-539D-4249-BF7E-54B5902ADC1B}
		{B61C06AC-86DD-4589-8B6C-6E791737415E} = {B61C06AC-86DD-4589-8B6C-6E791737415E}
		{AE5A2D37-140D-4253-92CC-2F43EF8332B2} = {AE5A2D37-140D-4253-92CC-2F43EF8332B2}
		{70B93E43-AC90-4C05-BEEA-4A2BD343A4B9} = {70B93E43-AC90-4C05-BEEA-4A2BD343A4B9}
	EndProjectSection
EndProject
Project("{8BC9CEB8-8B4A-11D0-8D11-00A0C91BC942}") = "condor_store_cred", "condor_store_cred.vcproj", "{7AF76FC8-9C62-4117-9093-7F909860FCFD}"
	ProjectSection(ProjectDependencies) = postProject
		{70B93E43-AC90-4C05-BEEA-4A2BD343A4B9} = {70B93E43-AC90-4C05-BEEA-4A2BD343A4B9}
		{3D8656D9-B0AC-4324-9D88-95477E12D3AE} = {3D8656D9-B0AC-4324-9D88-95477E12D3AE}
		{838C2345-539D-4249-BF7E-54B5902ADC1B} = {838C2345-539D-4249-BF7E-54B5902ADC1B}
		{B61C06AC-86DD-4589-8B6C-6E791737415E} = {B61C06AC-86DD-4589-8B6C-6E791737415E}
		{AE5A2D37-140D-4253-92CC-2F43EF8332B2} = {AE5A2D37-140D-4253-92CC-2F43EF8332B2}
	EndProjectSection
EndProject
Project("{8BC9CEB8-8B4A-11D0-8D11-00A0C91BC942}") = "condor_submit", "condor_submit.vcproj", "{29A07192-50BA-4825-A83E-FCF32BD7539B}"
	ProjectSection(ProjectDependencies) = postProject
		{70B93E43-AC90-4C05-BEEA-4A2BD343A4B9} = {70B93E43-AC90-4C05-BEEA-4A2BD343A4B9}
		{838C2345-539D-4249-BF7E-54B5902ADC1B} = {838C2345-539D-4249-BF7E-54B5902ADC1B}
		{3D8656D9-B0AC-4324-9D88-95477E12D3AE} = {3D8656D9-B0AC-4324-9D88-95477E12D3AE}
		{B61C06AC-86DD-4589-8B6C-6E791737415E} = {B61C06AC-86DD-4589-8B6C-6E791737415E}
		{C7114C7A-130A-4EB1-AA37-59AA79CCA6D3} = {C7114C7A-130A-4EB1-AA37-59AA79CCA6D3}
		{AE5A2D37-140D-4253-92CC-2F43EF8332B2} = {AE5A2D37-140D-4253-92CC-2F43EF8332B2}
	EndProjectSection
EndProject
Project("{8BC9CEB8-8B4A-11D0-8D11-00A0C91BC942}") = "condor_submit_dag", "condor_submit_dag.vcproj", "{CF1F9A7A-97EF-47F8-BDB4-78352D30FDDE}"
	ProjectSection(ProjectDependencies) = postProject
		{838C2345-539D-4249-BF7E-54B5902ADC1B} = {838C2345-539D-4249-BF7E-54B5902ADC1B}
		{70B93E43-AC90-4C05-BEEA-4A2BD343A4B9} = {70B93E43-AC90-4C05-BEEA-4A2BD343A4B9}
		{3D8656D9-B0AC-4324-9D88-95477E12D3AE} = {3D8656D9-B0AC-4324-9D88-95477E12D3AE}
		{B61C06AC-86DD-4589-8B6C-6E791737415E} = {B61C06AC-86DD-4589-8B6C-6E791737415E}
		{AE5A2D37-140D-4253-92CC-2F43EF8332B2} = {AE5A2D37-140D-4253-92CC-2F43EF8332B2}
	EndProjectSection
EndProject
Project("{8BC9CEB8-8B4A-11D0-8D11-00A0C91BC942}") = "condor_sysapi", "condor_sysapi.vcproj", "{AE5A2D37-140D-4253-92CC-2F43EF8332B2}"
EndProject
Project("{8BC9CEB8-8B4A-11D0-8D11-00A0C91BC942}") = "condor_tool", "condor_tool.vcproj", "{2FEAF3B4-B91B-4BC4-BA86-ED8AD04CDB73}"
	ProjectSection(ProjectDependencies) = postProject
		{70B93E43-AC90-4C05-BEEA-4A2BD343A4B9} = {70B93E43-AC90-4C05-BEEA-4A2BD343A4B9}
		{838C2345-539D-4249-BF7E-54B5902ADC1B} = {838C2345-539D-4249-BF7E-54B5902ADC1B}
		{B61C06AC-86DD-4589-8B6C-6E791737415E} = {B61C06AC-86DD-4589-8B6C-6E791737415E}
		{3D8656D9-B0AC-4324-9D88-95477E12D3AE} = {3D8656D9-B0AC-4324-9D88-95477E12D3AE}
		{AE5A2D37-140D-4253-92CC-2F43EF8332B2} = {AE5A2D37-140D-4253-92CC-2F43EF8332B2}
	EndProjectSection
EndProject
Project("{8BC9CEB8-8B4A-11D0-8D11-00A0C91BC942}") = "condor_transfer_data", "condor_transfer_data.vcproj", "{E8534692-4D83-4BA1-89AD-7CE5CB14ADD5}"
	ProjectSection(ProjectDependencies) = postProject
		{838C2345-539D-4249-BF7E-54B5902ADC1B} = {838C2345-539D-4249-BF7E-54B5902ADC1B}
		{70B93E43-AC90-4C05-BEEA-4A2BD343A4B9} = {70B93E43-AC90-4C05-BEEA-4A2BD343A4B9}
		{3D8656D9-B0AC-4324-9D88-95477E12D3AE} = {3D8656D9-B0AC-4324-9D88-95477E12D3AE}
		{B61C06AC-86DD-4589-8B6C-6E791737415E} = {B61C06AC-86DD-4589-8B6C-6E791737415E}
		{AE5A2D37-140D-4253-92CC-2F43EF8332B2} = {AE5A2D37-140D-4253-92CC-2F43EF8332B2}
	EndProjectSection
EndProject
Project("{8BC9CEB8-8B4A-11D0-8D11-00A0C91BC942}") = "condor_transferer", "condor_transferer.vcproj", "{E8EF82BB-8B84-4E95-8BEE-AD8F1A84311D}"
	ProjectSection(ProjectDependencies) = postProject
		{3D8656D9-B0AC-4324-9D88-95477E12D3AE} = {3D8656D9-B0AC-4324-9D88-95477E12D3AE}
		{838C2345-539D-4249-BF7E-54B5902ADC1B} = {838C2345-539D-4249-BF7E-54B5902ADC1B}
		{E90385AB-4376-4306-A036-7514F86C3C9D} = {E90385AB-4376-4306-A036-7514F86C3C9D}
		{B61C06AC-86DD-4589-8B6C-6E791737415E} = {B61C06AC-86DD-4589-8B6C-6E791737415E}
		{70B93E43-AC90-4C05-BEEA-4A2BD343A4B9} = {70B93E43-AC90-4C05-BEEA-4A2BD343A4B9}
		{644BDBB5-4F19-4229-88F6-708B96FD450E} = {644BDBB5-4F19-4229-88F6-708B96FD450E}
		{AE5A2D37-140D-4253-92CC-2F43EF8332B2} = {AE5A2D37-140D-4253-92CC-2F43EF8332B2}
	EndProjectSection
EndProject
Project("{8BC9CEB8-8B4A-11D0-8D11-00A0C91BC942}") = "condor_userlog", "condor_userlog.vcproj", "{7FBB3FAC-D9CA-4E62-AD65-01176A9D5FE0}"
	ProjectSection(ProjectDependencies) = postProject
		{838C2345-539D-4249-BF7E-54B5902ADC1B} = {838C2345-539D-4249-BF7E-54B5902ADC1B}
		{70B93E43-AC90-4C05-BEEA-4A2BD343A4B9} = {70B93E43-AC90-4C05-BEEA-4A2BD343A4B9}
		{B61C06AC-86DD-4589-8B6C-6E791737415E} = {B61C06AC-86DD-4589-8B6C-6E791737415E}
		{AE5A2D37-140D-4253-92CC-2F43EF8332B2} = {AE5A2D37-140D-4253-92CC-2F43EF8332B2}
		{3D8656D9-B0AC-4324-9D88-95477E12D3AE} = {3D8656D9-B0AC-4324-9D88-95477E12D3AE}
	EndProjectSection
EndProject
Project("{8BC9CEB8-8B4A-11D0-8D11-00A0C91BC942}") = "condor_userprio", "condor_userprio.vcproj", "{44866A72-C877-4588-A4E4-D9B267255E75}"
	ProjectSection(ProjectDependencies) = postProject
		{70B93E43-AC90-4C05-BEEA-4A2BD343A4B9} = {70B93E43-AC90-4C05-BEEA-4A2BD343A4B9}
		{838C2345-539D-4249-BF7E-54B5902ADC1B} = {838C2345-539D-4249-BF7E-54B5902ADC1B}
		{B61C06AC-86DD-4589-8B6C-6E791737415E} = {B61C06AC-86DD-4589-8B6C-6E791737415E}
		{3D8656D9-B0AC-4324-9D88-95477E12D3AE} = {3D8656D9-B0AC-4324-9D88-95477E12D3AE}
		{AE5A2D37-140D-4253-92CC-2F43EF8332B2} = {AE5A2D37-140D-4253-92CC-2F43EF8332B2}
	EndProjectSection
EndProject
Project("{8BC9CEB8-8B4A-11D0-8D11-00A0C91BC942}") = "condor_util_lib", "condor_util_lib.vcproj", "{70B93E43-AC90-4C05-BEEA-4A2BD343A4B9}"
EndProject
Project("{8BC9CEB8-8B4A-11D0-8D11-00A0C91BC942}") = "condor_version", "condor_version.vcproj", "{6AA77FFA-90E1-4C83-BA4A-61A75516EB76}"
	ProjectSection(ProjectDependencies) = postProject
		{3D8656D9-B0AC-4324-9D88-95477E12D3AE} = {3D8656D9-B0AC-4324-9D88-95477E12D3AE}
		{838C2345-539D-4249-BF7E-54B5902ADC1B} = {838C2345-539D-4249-BF7E-54B5902ADC1B}
		{AE5A2D37-140D-4253-92CC-2F43EF8332B2} = {AE5A2D37-140D-4253-92CC-2F43EF8332B2}
		{70B93E43-AC90-4C05-BEEA-4A2BD343A4B9} = {70B93E43-AC90-4C05-BEEA-4A2BD343A4B9}
		{B61C06AC-86DD-4589-8B6C-6E791737415E} = {B61C06AC-86DD-4589-8B6C-6E791737415E}
	EndProjectSection
EndProject
Project("{8BC9CEB8-8B4A-11D0-8D11-00A0C91BC942}") = "condor_wait", "condor_wait.vcproj", "{6EEF6274-CA28-476E-94E0-226167F7AC02}"
	ProjectSection(ProjectDependencies) = postProject
		{70B93E43-AC90-4C05-BEEA-4A2BD343A4B9} = {70B93E43-AC90-4C05-BEEA-4A2BD343A4B9}
		{3D8656D9-B0AC-4324-9D88-95477E12D3AE} = {3D8656D9-B0AC-4324-9D88-95477E12D3AE}
		{838C2345-539D-4249-BF7E-54B5902ADC1B} = {838C2345-539D-4249-BF7E-54B5902ADC1B}
		{B61C06AC-86DD-4589-8B6C-6E791737415E} = {B61C06AC-86DD-4589-8B6C-6E791737415E}
		{AE5A2D37-140D-4253-92CC-2F43EF8332B2} = {AE5A2D37-140D-4253-92CC-2F43EF8332B2}
	EndProjectSection
EndProject
Global
	GlobalSection(SolutionConfigurationPlatforms) = preSolution
		Debug|Win32 = Debug|Win32
		Release|Win32 = Release|Win32
	EndGlobalSection
	GlobalSection(ProjectConfigurationPlatforms) = postSolution
		{1E2E1150-751D-49B1-BCFF-6493BDC909C4}.Debug|Win32.ActiveCfg = Debug|Win32
		{1E2E1150-751D-49B1-BCFF-6493BDC909C4}.Release|Win32.ActiveCfg = Release|Win32
		{AA2B08CD-7FDC-4636-A2BA-81504630FCFF}.Debug|Win32.ActiveCfg = Debug|Win32
		{AA2B08CD-7FDC-4636-A2BA-81504630FCFF}.Debug|Win32.Build.0 = Debug|Win32
		{AA2B08CD-7FDC-4636-A2BA-81504630FCFF}.Release|Win32.ActiveCfg = Release|Win32
		{AA2B08CD-7FDC-4636-A2BA-81504630FCFF}.Release|Win32.Build.0 = Release|Win32
		{B0B9C8D7-985A-4BC9-92BF-D63E2C0406E2}.Debug|Win32.ActiveCfg = Debug|Win32
		{B0B9C8D7-985A-4BC9-92BF-D63E2C0406E2}.Debug|Win32.Build.0 = Debug|Win32
		{B0B9C8D7-985A-4BC9-92BF-D63E2C0406E2}.Release|Win32.ActiveCfg = Release|Win32
		{B0B9C8D7-985A-4BC9-92BF-D63E2C0406E2}.Release|Win32.Build.0 = Release|Win32
		{C369693F-AB71-413C-8D3E-F520E90B1F7A}.Debug|Win32.ActiveCfg = Debug|Win32
		{C369693F-AB71-413C-8D3E-F520E90B1F7A}.Debug|Win32.Build.0 = Debug|Win32
		{C369693F-AB71-413C-8D3E-F520E90B1F7A}.Release|Win32.ActiveCfg = Release|Win32
		{C369693F-AB71-413C-8D3E-F520E90B1F7A}.Release|Win32.Build.0 = Release|Win32
		{DE06A50D-5E9C-48C2-A9BF-3638EC2B2617}.Debug|Win32.ActiveCfg = Debug|Win32
		{DE06A50D-5E9C-48C2-A9BF-3638EC2B2617}.Debug|Win32.Build.0 = Debug|Win32
		{DE06A50D-5E9C-48C2-A9BF-3638EC2B2617}.Release|Win32.ActiveCfg = Release|Win32
		{DE06A50D-5E9C-48C2-A9BF-3638EC2B2617}.Release|Win32.Build.0 = Release|Win32
		{D92814BA-7F6B-46FE-AF42-FFA71EC04CEB}.Debug|Win32.ActiveCfg = Debug|Win32
		{D92814BA-7F6B-46FE-AF42-FFA71EC04CEB}.Debug|Win32.Build.0 = Debug|Win32
		{D92814BA-7F6B-46FE-AF42-FFA71EC04CEB}.Release|Win32.ActiveCfg = Release|Win32
		{D92814BA-7F6B-46FE-AF42-FFA71EC04CEB}.Release|Win32.Build.0 = Release|Win32
		{D244395C-1E14-4585-88DE-2D5158A7C22C}.Debug|Win32.ActiveCfg = Debug|Win32
		{D244395C-1E14-4585-88DE-2D5158A7C22C}.Debug|Win32.Build.0 = Debug|Win32
		{D244395C-1E14-4585-88DE-2D5158A7C22C}.Release|Win32.ActiveCfg = Release|Win32
		{D244395C-1E14-4585-88DE-2D5158A7C22C}.Release|Win32.Build.0 = Release|Win32
		{A1153855-C2FA-4CF9-A9D9-37FF11531B65}.Debug|Win32.ActiveCfg = Debug|Win32
		{A1153855-C2FA-4CF9-A9D9-37FF11531B65}.Debug|Win32.Build.0 = Debug|Win32
		{A1153855-C2FA-4CF9-A9D9-37FF11531B65}.Release|Win32.ActiveCfg = Release|Win32
		{A1153855-C2FA-4CF9-A9D9-37FF11531B65}.Release|Win32.Build.0 = Release|Win32
		{A3D4A8C4-85B7-48A3-B842-85D794D0AE4C}.Debug|Win32.ActiveCfg = Debug|Win32
		{A3D4A8C4-85B7-48A3-B842-85D794D0AE4C}.Debug|Win32.Build.0 = Debug|Win32
		{A3D4A8C4-85B7-48A3-B842-85D794D0AE4C}.Release|Win32.ActiveCfg = Release|Win32
		{A3D4A8C4-85B7-48A3-B842-85D794D0AE4C}.Release|Win32.Build.0 = Release|Win32
		{3D8656D9-B0AC-4324-9D88-95477E12D3AE}.Debug|Win32.ActiveCfg = Debug|Win32
		{3D8656D9-B0AC-4324-9D88-95477E12D3AE}.Debug|Win32.Build.0 = Debug|Win32
		{3D8656D9-B0AC-4324-9D88-95477E12D3AE}.Release|Win32.ActiveCfg = Release|Win32
		{3D8656D9-B0AC-4324-9D88-95477E12D3AE}.Release|Win32.Build.0 = Release|Win32
		{8E1483DF-EA01-4D9B-8027-D7ADD0E2D7BA}.Debug|Win32.ActiveCfg = Debug|Win32
		{8E1483DF-EA01-4D9B-8027-D7ADD0E2D7BA}.Release|Win32.ActiveCfg = Release|Win32
		{9E3BFC52-2AAC-419D-ABBC-9B7A2CBE7B7E}.Debug|Win32.ActiveCfg = Debug|Win32
		{9E3BFC52-2AAC-419D-ABBC-9B7A2CBE7B7E}.Debug|Win32.Build.0 = Debug|Win32
		{9E3BFC52-2AAC-419D-ABBC-9B7A2CBE7B7E}.Release|Win32.ActiveCfg = Release|Win32
		{9E3BFC52-2AAC-419D-ABBC-9B7A2CBE7B7E}.Release|Win32.Build.0 = Release|Win32
		{775C501B-6425-4F90-8191-A25FC111CFE7}.Debug|Win32.ActiveCfg = Debug|Win32
		{775C501B-6425-4F90-8191-A25FC111CFE7}.Debug|Win32.Build.0 = Debug|Win32
		{775C501B-6425-4F90-8191-A25FC111CFE7}.Release|Win32.ActiveCfg = Release|Win32
		{775C501B-6425-4F90-8191-A25FC111CFE7}.Release|Win32.Build.0 = Release|Win32
		{51D4D871-D4FC-477F-A4DC-0D17502A992A}.Debug|Win32.ActiveCfg = Debug|Win32
		{51D4D871-D4FC-477F-A4DC-0D17502A992A}.Debug|Win32.Build.0 = Debug|Win32
		{51D4D871-D4FC-477F-A4DC-0D17502A992A}.Release|Win32.ActiveCfg = Release|Win32
		{51D4D871-D4FC-477F-A4DC-0D17502A992A}.Release|Win32.Build.0 = Release|Win32
		{838C2345-539D-4249-BF7E-54B5902ADC1B}.Debug|Win32.ActiveCfg = Debug|Win32
		{838C2345-539D-4249-BF7E-54B5902ADC1B}.Debug|Win32.Build.0 = Debug|Win32
		{838C2345-539D-4249-BF7E-54B5902ADC1B}.Release|Win32.ActiveCfg = Release|Win32
		{838C2345-539D-4249-BF7E-54B5902ADC1B}.Release|Win32.Build.0 = Release|Win32
		{6CCD1E8D-091C-430E-AC08-383193F8B6C8}.Debug|Win32.ActiveCfg = Debug|Win32
		{6CCD1E8D-091C-430E-AC08-383193F8B6C8}.Debug|Win32.Build.0 = Debug|Win32
		{6CCD1E8D-091C-430E-AC08-383193F8B6C8}.Release|Win32.ActiveCfg = Release|Win32
		{6CCD1E8D-091C-430E-AC08-383193F8B6C8}.Release|Win32.Build.0 = Release|Win32
		{E90385AB-4376-4306-A036-7514F86C3C9D}.Debug|Win32.ActiveCfg = Debug|Win32
		{E90385AB-4376-4306-A036-7514F86C3C9D}.Debug|Win32.Build.0 = Debug|Win32
		{E90385AB-4376-4306-A036-7514F86C3C9D}.Release|Win32.ActiveCfg = Release|Win32
		{E90385AB-4376-4306-A036-7514F86C3C9D}.Release|Win32.Build.0 = Release|Win32
		{13E2261A-94D3-4C8B-9ED9-AA3F98593062}.Debug|Win32.ActiveCfg = Debug|Win32
		{13E2261A-94D3-4C8B-9ED9-AA3F98593062}.Debug|Win32.Build.0 = Debug|Win32
		{13E2261A-94D3-4C8B-9ED9-AA3F98593062}.Release|Win32.ActiveCfg = Release|Win32
		{13E2261A-94D3-4C8B-9ED9-AA3F98593062}.Release|Win32.Build.0 = Release|Win32
		{E69D9419-FE65-4DF6-AE6E-1EFB785085B6}.Debug|Win32.ActiveCfg = Debug|Win32
		{E69D9419-FE65-4DF6-AE6E-1EFB785085B6}.Release|Win32.ActiveCfg = Release|Win32
		{C2502B0B-30CF-45B9-8FEC-E63BE1282EF3}.Debug|Win32.ActiveCfg = Debug|Win32
		{C2502B0B-30CF-45B9-8FEC-E63BE1282EF3}.Debug|Win32.Build.0 = Debug|Win32
		{C2502B0B-30CF-45B9-8FEC-E63BE1282EF3}.Release|Win32.ActiveCfg = Release|Win32
		{C2502B0B-30CF-45B9-8FEC-E63BE1282EF3}.Release|Win32.Build.0 = Release|Win32
		{15AEB91C-7D80-4754-83F9-35A2A84BD15A}.Debug|Win32.ActiveCfg = Debug|Win32
		{15AEB91C-7D80-4754-83F9-35A2A84BD15A}.Debug|Win32.Build.0 = Debug|Win32
		{15AEB91C-7D80-4754-83F9-35A2A84BD15A}.Release|Win32.ActiveCfg = Release|Win32
		{15AEB91C-7D80-4754-83F9-35A2A84BD15A}.Release|Win32.Build.0 = Release|Win32
		{58270192-D1E5-4AC4-9BA9-0B32B2BCEF57}.Debug|Win32.ActiveCfg = Debug|Win32
		{58270192-D1E5-4AC4-9BA9-0B32B2BCEF57}.Debug|Win32.Build.0 = Debug|Win32
		{58270192-D1E5-4AC4-9BA9-0B32B2BCEF57}.Release|Win32.ActiveCfg = Release|Win32
		{58270192-D1E5-4AC4-9BA9-0B32B2BCEF57}.Release|Win32.Build.0 = Release|Win32
		{908CC1E9-DE96-4A23-8733-0F6D3A87E2A9}.Debug|Win32.ActiveCfg = Debug|Win32
		{908CC1E9-DE96-4A23-8733-0F6D3A87E2A9}.Debug|Win32.Build.0 = Debug|Win32
		{908CC1E9-DE96-4A23-8733-0F6D3A87E2A9}.Release|Win32.ActiveCfg = Release|Win32
		{908CC1E9-DE96-4A23-8733-0F6D3A87E2A9}.Release|Win32.Build.0 = Release|Win32
		{5098AC47-1570-4679-98AF-4B635C83A995}.Debug|Win32.ActiveCfg = Debug|Win32
		{5098AC47-1570-4679-98AF-4B635C83A995}.Debug|Win32.Build.0 = Debug|Win32
		{5098AC47-1570-4679-98AF-4B635C83A995}.Release|Win32.ActiveCfg = Release|Win32
		{5098AC47-1570-4679-98AF-4B635C83A995}.Release|Win32.Build.0 = Release|Win32
		{B61C06AC-86DD-4589-8B6C-6E791737415E}.Debug|Win32.ActiveCfg = Debug|Win32
		{B61C06AC-86DD-4589-8B6C-6E791737415E}.Debug|Win32.Build.0 = Debug|Win32
		{B61C06AC-86DD-4589-8B6C-6E791737415E}.Release|Win32.ActiveCfg = Release|Win32
		{B61C06AC-86DD-4589-8B6C-6E791737415E}.Release|Win32.Build.0 = Release|Win32
		{9D49FE9C-6DB0-47F5-80C9-43DA3FF675D3}.Debug|Win32.ActiveCfg = Debug|Win32
		{9D49FE9C-6DB0-47F5-80C9-43DA3FF675D3}.Debug|Win32.Build.0 = Debug|Win32
		{9D49FE9C-6DB0-47F5-80C9-43DA3FF675D3}.Release|Win32.ActiveCfg = Release|Win32
		{9D49FE9C-6DB0-47F5-80C9-43DA3FF675D3}.Release|Win32.Build.0 = Release|Win32
		{FB275ECB-30CF-4D7D-9CE9-EBCFE7B7A4BE}.Debug|Win32.ActiveCfg = Debug|Win32
		{FB275ECB-30CF-4D7D-9CE9-EBCFE7B7A4BE}.Debug|Win32.Build.0 = Debug|Win32
		{FB275ECB-30CF-4D7D-9CE9-EBCFE7B7A4BE}.Release|Win32.ActiveCfg = Release|Win32
		{FB275ECB-30CF-4D7D-9CE9-EBCFE7B7A4BE}.Release|Win32.Build.0 = Release|Win32
		{4BC8A938-9816-4E61-B063-A73C9D7082DC}.Debug|Win32.ActiveCfg = Debug|Win32
		{4BC8A938-9816-4E61-B063-A73C9D7082DC}.Debug|Win32.Build.0 = Debug|Win32
		{4BC8A938-9816-4E61-B063-A73C9D7082DC}.Release|Win32.ActiveCfg = Release|Win32
		{4BC8A938-9816-4E61-B063-A73C9D7082DC}.Release|Win32.Build.0 = Release|Win32
		{BEA58B69-14CD-4E2A-B497-E5275690F47D}.Debug|Win32.ActiveCfg = Debug|Win32
		{BEA58B69-14CD-4E2A-B497-E5275690F47D}.Debug|Win32.Build.0 = Debug|Win32
		{BEA58B69-14CD-4E2A-B497-E5275690F47D}.Release|Win32.ActiveCfg = Release|Win32
		{BEA58B69-14CD-4E2A-B497-E5275690F47D}.Release|Win32.Build.0 = Release|Win32
		{2BAF8470-E7D7-4F0C-BB81-AB2C33689A11}.Debug|Win32.ActiveCfg = Debug|Win32
		{2BAF8470-E7D7-4F0C-BB81-AB2C33689A11}.Debug|Win32.Build.0 = Debug|Win32
		{2BAF8470-E7D7-4F0C-BB81-AB2C33689A11}.Release|Win32.ActiveCfg = Release|Win32
		{2BAF8470-E7D7-4F0C-BB81-AB2C33689A11}.Release|Win32.Build.0 = Release|Win32
		{91227CBB-1EFF-4D3D-80D8-B4723DF9235E}.Debug|Win32.ActiveCfg = Debug|Win32
		{91227CBB-1EFF-4D3D-80D8-B4723DF9235E}.Debug|Win32.Build.0 = Debug|Win32
		{91227CBB-1EFF-4D3D-80D8-B4723DF9235E}.Release|Win32.ActiveCfg = Release|Win32
		{91227CBB-1EFF-4D3D-80D8-B4723DF9235E}.Release|Win32.Build.0 = Release|Win32
		{644BDBB5-4F19-4229-88F6-708B96FD450E}.Debug|Win32.ActiveCfg = Debug|Win32
		{644BDBB5-4F19-4229-88F6-708B96FD450E}.Debug|Win32.Build.0 = Debug|Win32
		{644BDBB5-4F19-4229-88F6-708B96FD450E}.Release|Win32.ActiveCfg = Release|Win32
		{644BDBB5-4F19-4229-88F6-708B96FD450E}.Release|Win32.Build.0 = Release|Win32
		{83C48F6F-B0D4-44B8-B75E-F5DEAF028844}.Debug|Win32.ActiveCfg = Debug|Win32
		{83C48F6F-B0D4-44B8-B75E-F5DEAF028844}.Release|Win32.ActiveCfg = Release|Win32
		{B874155F-897C-4733-96C0-84656E78EBCF}.Debug|Win32.ActiveCfg = Debug|Win32
		{B874155F-897C-4733-96C0-84656E78EBCF}.Debug|Win32.Build.0 = Debug|Win32
		{B874155F-897C-4733-96C0-84656E78EBCF}.Release|Win32.ActiveCfg = Release|Win32
		{B874155F-897C-4733-96C0-84656E78EBCF}.Release|Win32.Build.0 = Release|Win32
		{6F7A0B99-D753-4561-A4C6-0C5CDF17DB6C}.Debug|Win32.ActiveCfg = Debug|Win32
		{6F7A0B99-D753-4561-A4C6-0C5CDF17DB6C}.Debug|Win32.Build.0 = Debug|Win32
		{6F7A0B99-D753-4561-A4C6-0C5CDF17DB6C}.Release|Win32.ActiveCfg = Release|Win32
		{6F7A0B99-D753-4561-A4C6-0C5CDF17DB6C}.Release|Win32.Build.0 = Release|Win32
		{C7114C7A-130A-4EB1-AA37-59AA79CCA6D3}.Debug|Win32.ActiveCfg = Debug|Win32
		{C7114C7A-130A-4EB1-AA37-59AA79CCA6D3}.Debug|Win32.Build.0 = Debug|Win32
		{C7114C7A-130A-4EB1-AA37-59AA79CCA6D3}.Release|Win32.ActiveCfg = Release|Win32
		{C7114C7A-130A-4EB1-AA37-59AA79CCA6D3}.Release|Win32.Build.0 = Release|Win32
		{6D4CD752-80B9-4ECA-8FD5-5122423A9FB4}.Debug|Win32.ActiveCfg = Debug|Win32
		{6D4CD752-80B9-4ECA-8FD5-5122423A9FB4}.Debug|Win32.Build.0 = Debug|Win32
		{6D4CD752-80B9-4ECA-8FD5-5122423A9FB4}.Release|Win32.ActiveCfg = Release|Win32
		{6D4CD752-80B9-4ECA-8FD5-5122423A9FB4}.Release|Win32.Build.0 = Release|Win32
		{D21BE738-4901-4DB3-92CE-7D6BDB8FF906}.Debug|Win32.ActiveCfg = Debug|Win32
		{D21BE738-4901-4DB3-92CE-7D6BDB8FF906}.Debug|Win32.Build.0 = Debug|Win32
		{D21BE738-4901-4DB3-92CE-7D6BDB8FF906}.Release|Win32.ActiveCfg = Release|Win32
		{D21BE738-4901-4DB3-92CE-7D6BDB8FF906}.Release|Win32.Build.0 = Release|Win32
		{CFA3B39A-7846-4656-B84F-672C8CE47261}.Debug|Win32.ActiveCfg = Debug|Win32
		{CFA3B39A-7846-4656-B84F-672C8CE47261}.Debug|Win32.Build.0 = Debug|Win32
		{CFA3B39A-7846-4656-B84F-672C8CE47261}.Release|Win32.ActiveCfg = Release|Win32
		{CFA3B39A-7846-4656-B84F-672C8CE47261}.Release|Win32.Build.0 = Release|Win32
		{B4B447B3-48AF-428E-A16F-DEC14BD75A0D}.Debug|Win32.ActiveCfg = Debug|Win32
		{B4B447B3-48AF-428E-A16F-DEC14BD75A0D}.Debug|Win32.Build.0 = Debug|Win32
		{B4B447B3-48AF-428E-A16F-DEC14BD75A0D}.Release|Win32.ActiveCfg = Release|Win32
		{B4B447B3-48AF-428E-A16F-DEC14BD75A0D}.Release|Win32.Build.0 = Release|Win32
		{0E70C2EF-AD05-42AC-B22E-63A6487AE353}.Debug|Win32.ActiveCfg = Debug|Win32
		{0E70C2EF-AD05-42AC-B22E-63A6487AE353}.Debug|Win32.Build.0 = Debug|Win32
		{0E70C2EF-AD05-42AC-B22E-63A6487AE353}.Release|Win32.ActiveCfg = Release|Win32
		{0E70C2EF-AD05-42AC-B22E-63A6487AE353}.Release|Win32.Build.0 = Release|Win32
		{50443862-C166-4652-910C-0BB80E851CCC}.Debug|Win32.ActiveCfg = Debug|Win32
		{50443862-C166-4652-910C-0BB80E851CCC}.Debug|Win32.Build.0 = Debug|Win32
		{50443862-C166-4652-910C-0BB80E851CCC}.Release|Win32.ActiveCfg = Release|Win32
		{50443862-C166-4652-910C-0BB80E851CCC}.Release|Win32.Build.0 = Release|Win32
		{76004B82-88F6-4C5A-B329-E31B3605B49E}.Debug|Win32.ActiveCfg = Debug|Win32
		{76004B82-88F6-4C5A-B329-E31B3605B49E}.Debug|Win32.Build.0 = Debug|Win32
		{76004B82-88F6-4C5A-B329-E31B3605B49E}.Release|Win32.ActiveCfg = Release|Win32
		{76004B82-88F6-4C5A-B329-E31B3605B49E}.Release|Win32.Build.0 = Release|Win32
		{B552134E-4C82-432F-984B-7BEF1338C789}.Debug|Win32.ActiveCfg = Debug|Win32
		{B552134E-4C82-432F-984B-7BEF1338C789}.Debug|Win32.Build.0 = Debug|Win32
		{B552134E-4C82-432F-984B-7BEF1338C789}.Release|Win32.ActiveCfg = Release|Win32
		{B552134E-4C82-432F-984B-7BEF1338C789}.Release|Win32.Build.0 = Release|Win32
		{872C4872-FDB7-4887-B4E6-42E8D7C669D7}.Debug|Win32.ActiveCfg = Debug|Win32
		{872C4872-FDB7-4887-B4E6-42E8D7C669D7}.Debug|Win32.Build.0 = Debug|Win32
		{872C4872-FDB7-4887-B4E6-42E8D7C669D7}.Release|Win32.ActiveCfg = Release|Win32
		{872C4872-FDB7-4887-B4E6-42E8D7C669D7}.Release|Win32.Build.0 = Release|Win32
		{7AF76FC8-9C62-4117-9093-7F909860FCFD}.Debug|Win32.ActiveCfg = Debug|Win32
		{7AF76FC8-9C62-4117-9093-7F909860FCFD}.Debug|Win32.Build.0 = Debug|Win32
		{7AF76FC8-9C62-4117-9093-7F909860FCFD}.Release|Win32.ActiveCfg = Release|Win32
		{7AF76FC8-9C62-4117-9093-7F909860FCFD}.Release|Win32.Build.0 = Release|Win32
		{29A07192-50BA-4825-A83E-FCF32BD7539B}.Debug|Win32.ActiveCfg = Debug|Win32
		{29A07192-50BA-4825-A83E-FCF32BD7539B}.Debug|Win32.Build.0 = Debug|Win32
		{29A07192-50BA-4825-A83E-FCF32BD7539B}.Release|Win32.ActiveCfg = Release|Win32
		{29A07192-50BA-4825-A83E-FCF32BD7539B}.Release|Win32.Build.0 = Release|Win32
		{CF1F9A7A-97EF-47F8-BDB4-78352D30FDDE}.Debug|Win32.ActiveCfg = Debug|Win32
		{CF1F9A7A-97EF-47F8-BDB4-78352D30FDDE}.Debug|Win32.Build.0 = Debug|Win32
		{CF1F9A7A-97EF-47F8-BDB4-78352D30FDDE}.Release|Win32.ActiveCfg = Release|Win32
		{CF1F9A7A-97EF-47F8-BDB4-78352D30FDDE}.Release|Win32.Build.0 = Release|Win32
		{AE5A2D37-140D-4253-92CC-2F43EF8332B2}.Debug|Win32.ActiveCfg = Debug|Win32
		{AE5A2D37-140D-4253-92CC-2F43EF8332B2}.Debug|Win32.Build.0 = Debug|Win32
		{AE5A2D37-140D-4253-92CC-2F43EF8332B2}.Release|Win32.ActiveCfg = Release|Win32
		{AE5A2D37-140D-4253-92CC-2F43EF8332B2}.Release|Win32.Build.0 = Release|Win32
		{2FEAF3B4-B91B-4BC4-BA86-ED8AD04CDB73}.Debug|Win32.ActiveCfg = Debug|Win32
		{2FEAF3B4-B91B-4BC4-BA86-ED8AD04CDB73}.Debug|Win32.Build.0 = Debug|Win32
		{2FEAF3B4-B91B-4BC4-BA86-ED8AD04CDB73}.Release|Win32.ActiveCfg = Release|Win32
		{2FEAF3B4-B91B-4BC4-BA86-ED8AD04CDB73}.Release|Win32.Build.0 = Release|Win32
		{E8534692-4D83-4BA1-89AD-7CE5CB14ADD5}.Debug|Win32.ActiveCfg = Debug|Win32
		{E8534692-4D83-4BA1-89AD-7CE5CB14ADD5}.Debug|Win32.Build.0 = Debug|Win32
		{E8534692-4D83-4BA1-89AD-7CE5CB14ADD5}.Release|Win32.ActiveCfg = Release|Win32
		{E8534692-4D83-4BA1-89AD-7CE5CB14ADD5}.Release|Win32.Build.0 = Release|Win32
		{E8EF82BB-8B84-4E95-8BEE-AD8F1A84311D}.Debug|Win32.ActiveCfg = Debug|Win32
		{E8EF82BB-8B84-4E95-8BEE-AD8F1A84311D}.Debug|Win32.Build.0 = Debug|Win32
		{E8EF82BB-8B84-4E95-8BEE-AD8F1A84311D}.Release|Win32.ActiveCfg = Release|Win32
		{E8EF82BB-8B84-4E95-8BEE-AD8F1A84311D}.Release|Win32.Build.0 = Release|Win32
		{7FBB3FAC-D9CA-4E62-AD65-01176A9D5FE0}.Debug|Win32.ActiveCfg = Debug|Win32
		{7FBB3FAC-D9CA-4E62-AD65-01176A9D5FE0}.Debug|Win32.Build.0 = Debug|Win32
		{7FBB3FAC-D9CA-4E62-AD65-01176A9D5FE0}.Release|Win32.ActiveCfg = Release|Win32
		{7FBB3FAC-D9CA-4E62-AD65-01176A9D5FE0}.Release|Win32.Build.0 = Release|Win32
		{44866A72-C877-4588-A4E4-D9B267255E75}.Debug|Win32.ActiveCfg = Debug|Win32
		{44866A72-C877-4588-A4E4-D9B267255E75}.Debug|Win32.Build.0 = Debug|Win32
		{44866A72-C877-4588-A4E4-D9B267255E75}.Release|Win32.ActiveCfg = Release|Win32
		{44866A72-C877-4588-A4E4-D9B267255E75}.Release|Win32.Build.0 = Release|Win32
		{70B93E43-AC90-4C05-BEEA-4A2BD343A4B9}.Debug|Win32.ActiveCfg = Debug|Win32
		{70B93E43-AC90-4C05-BEEA-4A2BD343A4B9}.Debug|Win32.Build.0 = Debug|Win32
		{70B93E43-AC90-4C05-BEEA-4A2BD343A4B9}.Release|Win32.ActiveCfg = Release|Win32
		{70B93E43-AC90-4C05-BEEA-4A2BD343A4B9}.Release|Win32.Build.0 = Release|Win32
		{6AA77FFA-90E1-4C83-BA4A-61A75516EB76}.Debug|Win32.ActiveCfg = Debug|Win32
		{6AA77FFA-90E1-4C83-BA4A-61A75516EB76}.Debug|Win32.Build.0 = Debug|Win32
		{6AA77FFA-90E1-4C83-BA4A-61A75516EB76}.Release|Win32.ActiveCfg = Release|Win32
		{6AA77FFA-90E1-4C83-BA4A-61A75516EB76}.Release|Win32.Build.0 = Release|Win32
		{6EEF6274-CA28-476E-94E0-226167F7AC02}.Debug|Win32.ActiveCfg = Debug|Win32
		{6EEF6274-CA28-476E-94E0-226167F7AC02}.Debug|Win32.Build.0 = Debug|Win32
		{6EEF6274-CA28-476E-94E0-226167F7AC02}.Release|Win32.ActiveCfg = Release|Win32
		{6EEF6274-CA28-476E-94E0-226167F7AC02}.Release|Win32.Build.0 = Release|Win32
	EndGlobalSection
	GlobalSection(SolutionProperties) = preSolution
		HideSolutionNode = FALSE
	EndGlobalSection
EndGlobal
